
Microsoft Visual Studio Solution File, Format Version 12.00
# Visual Studio Version 17
VisualStudioVersion = 17.8.34316.72
MinimumVisualStudioVersion = 10.0.40219.1
Project("{9A19103F-16F7-4668-BE54-9A1E7A4F7556}") = "ContactBook", "ContactBook\ContactBook.csproj", "{6D883A8D-80DF-4FB2-933C-66E6748FF42B}"
EndProject
Project("{9A19103F-16F7-4668-BE54-9A1E7A4F7556}") = "ContactBook.Tests", "ContactBook.Tests\ContactBook.Tests.csproj", "{F2ABFEAA-62DD-407A-B1EC-167FAC480B6A}"
EndProject
Project("{9A19103F-16F7-4668-BE54-9A1E7A4F7556}") = "ContactBook.Shared", "ContactBook.Shared\ContactBook.Shared.csproj", "{1E669160-FB41-4E8E-BEE4-9F0F0990A23C}"
EndProject
Project("{FAE04EC0-301F-11D3-BF4B-00C04F79EFBC}") = "ContactBook.WPFApp", "ContactBook.WPFApp\ContactBook.WPFApp.csproj", "{CE67420C-544C-4B32-B6E1-B5E6D12C8C70}"
EndProject
Global
	GlobalSection(SolutionConfigurationPlatforms) = preSolution
		Debug|Any CPU = Debug|Any CPU
		Release|Any CPU = Release|Any CPU
	EndGlobalSection
	GlobalSection(ProjectConfigurationPlatforms) = postSolution
		{6D883A8D-80DF-4FB2-933C-66E6748FF42B}.Debug|Any CPU.ActiveCfg = Debug|Any CPU
		{6D883A8D-80DF-4FB2-933C-66E6748FF42B}.Debug|Any CPU.Build.0 = Debug|Any CPU
		{6D883A8D-80DF-4FB2-933C-66E6748FF42B}.Release|Any CPU.ActiveCfg = Release|Any CPU
		{6D883A8D-80DF-4FB2-933C-66E6748FF42B}.Release|Any CPU.Build.0 = Release|Any CPU
		{F2ABFEAA-62DD-407A-B1EC-167FAC480B6A}.Debug|Any CPU.ActiveCfg = Debug|Any CPU
		{F2ABFEAA-62DD-407A-B1EC-167FAC480B6A}.Debug|Any CPU.Build.0 = Debug|Any CPU
		{F2ABFEAA-62DD-407A-B1EC-167FAC480B6A}.Release|Any CPU.ActiveCfg = Release|Any CPU
		{F2ABFEAA-62DD-407A-B1EC-167FAC480B6A}.Release|Any CPU.Build.0 = Release|Any CPU
		{1E669160-FB41-4E8E-BEE4-9F0F0990A23C}.Debug|Any CPU.ActiveCfg = Debug|Any CPU
		{1E669160-FB41-4E8E-BEE4-9F0F0990A23C}.Debug|Any CPU.Build.0 = Debug|Any CPU
		{1E669160-FB41-4E8E-BEE4-9F0F0990A23C}.Release|Any CPU.ActiveCfg = Release|Any CPU
		{1E669160-FB41-4E8E-BEE4-9F0F0990A23C}.Release|Any CPU.Build.0 = Release|Any CPU
		{CE67420C-544C-4B32-B6E1-B5E6D12C8C70}.Debug|Any CPU.ActiveCfg = Debug|Any CPU
		{CE67420C-544C-4B32-B6E1-B5E6D12C8C70}.Debug|Any CPU.Build.0 = Debug|Any CPU
		{CE67420C-544C-4B32-B6E1-B5E6D12C8C70}.Release|Any CPU.ActiveCfg = Release|Any CPU
		{CE67420C-544C-4B32-B6E1-B5E6D12C8C70}.Release|Any CPU.Build.0 = Release|Any CPU
	EndGlobalSection
	GlobalSection(SolutionProperties) = preSolution
		HideSolutionNode = FALSE
	EndGlobalSection
	GlobalSection(ExtensibilityGlobals) = postSolution
		SolutionGuid = {A41EE46D-7620-4837-8A50-F5D08B4C0EA5}
	EndGlobalSection
EndGlobal
